{
  "nodes": {
    "nix-packages": {
      "flake": false,
      "locked": {
        "lastModified": 1789965017,
        "narHash": "sha256-Oxvfp82YUsPMWlD/j/rp2Zcuro2xUyuCItNuS3lCJ/o=",
        "ref": "dev",
        "rev": "c39770a81ed44414cd7a7e318e3e0caf41391be8",
        "revCount": 611,
        "type": "git",
        "url": "https://git.alc.xyz/alcxyz/nix-packages.git"
      },
      "original": {
        "ref": "dev",
        "type": "git",
        "url": "https://git.alc.xyz/alcxyz/nix-packages.git"
      }
    },
    "nixpkgs": {
      "locked": {
        "lastModified": 1787135253,
        "narHash": "sha256-RD2kNWCG+Bjo6h+JVjWVNntZs2GtRoeY2xHjts/FNkA=",
        "owner": "NixOS",
        "repo": "nixpkgs",
        "rev": "ffb3c9b700e759be2ef13237c9d8f953b32a1e46",
        "type": "github"
      },
      "original": {
        "owner": "NixOS",
        "ref": "nixos-unstable",
        "repo": "nixpkgs",
        "type": "github"
      }
    },
    "root": {
      "inputs": {
        "nix-packages": "nix-packages",
        "nixpkgs": "nixpkgs"
      }
    }
  },
  "root": "root",
  "version": 7
}
